// !$*UTF8*$!
{
	archiveVersion = 1;
	classes = {
	};
	objectVersion = 46;
	objects = {

/* Begin PBXBuildFile section */
		2E6AC7A31EBF605600A13E3D /* main.m in Sources */ = {isa = PBXBuildFile; fileRef = 2E6AC7A21EBF605600A13E3D /* main.m */; };
		2E6AC7A61EBF605600A13E3D /* AppDelegate.m in Sources */ = {isa = PBXBuildFile; fileRef = 2E6AC7A51EBF605600A13E3D /* AppDelegate.m */; };
		2E6AC7A91EBF605600A13E3D /* ViewController.m in Sources */ = {isa = PBXBuildFile; fileRef = 2E6AC7A81EBF605600A13E3D /* ViewController.m */; };
		2E6AC7AC1EBF605600A13E3D /* Main.storyboard in Resources */ = {isa = PBXBuildFile; fileRef = 2E6AC7AA1EBF605600A13E3D /* Main.storyboard */; };
		2E6AC7AE1EBF605600A13E3D /* Assets.xcassets in Resources */ = {isa = PBXBuildFile; fileRef = 2E6AC7AD1EBF605600A13E3D /* Assets.xcassets */; };
		2E6AC7B11EBF605600A13E3D /* LaunchScreen.storyboard in Resources */ = {isa = PBXBuildFile; fileRef = 2E6AC7AF1EBF605600A13E3D /* LaunchScreen.storyboard */; };
		2E6AC7BC1EBF605600A13E3D /* XWSequentialAnimationTests.m in Sources */ = {isa = PBXBuildFile; fileRef = 2E6AC7BB1EBF605600A13E3D /* XWSequentialAnimationTests.m */; };
		2E6AC7C71EBF605600A13E3D /* XWSequentialAnimationUITests.m in Sources */ = {isa = PBXBuildFile; fileRef = 2E6AC7C61EBF605600A13E3D /* XWSequentialAnimationUITests.m */; };
		2E6AC8271EBF61A100A13E3D /* yj01_tb0110001@2x.png in Resources */ = {isa = PBXBuildFile; fileRef = 2E6AC7FB1EBF61A100A13E3D /* yj01_tb0110001@2x.png */; };
		2E6AC8281EBF61A100A13E3D /* yj01_tb0110002@2x.png in Resources */ = {isa = PBXBuildFile; fileRef = 2E6AC7FC1EBF61A100A13E3D /* yj01_tb0110002@2x.png */; };
		2E6AC8291EBF61A100A13E3D /* yj01_tb0110003@2x.png in Resources */ = {isa = PBXBuildFile; fileRef = 2E6AC7FD1EBF61A100A13E3D /* yj01_tb0110003@2x.png */; };
		2E6AC82A1EBF61A100A13E3D /* yj01_tb0110004@2x.png in Resources */ = {isa = PBXBuildFile; fileRef = 2E6AC7FE1EBF61A100A13E3D /* yj01_tb0110004@2x.png */; };
		2E6AC82B1EBF61A100A13E3D /* yj01_tb0110005@2x.png in Resources */ = {isa = PBXBuildFile; fileRef = 2E6AC7FF1EBF61A100A13E3D /* yj01_tb0110005@2x.png */; };
		2E6AC82C1EBF61A100A13E3D /* yj01_tb0110006@2x.png in Resources */ = {isa = PBXBuildFile; fileRef = 2E6AC8001EBF61A100A13E3D /* yj01_tb0110006@2x.png */; };
		2E6AC82D1EBF61A100A13E3D /* yj01_tb0110007@2x.png in Resources */ = {isa = PBXBuildFile; fileRef = 2E6AC8011EBF61A100A13E3D /* yj01_tb0110007@2x.png */; };
		2E6AC82E1EBF61A100A13E3D /* yj01_tb0110008@2x.png in Resources */ = {isa = PBXBuildFile; fileRef = 2E6AC8021EBF61A100A13E3D /* yj01_tb0110008@2x.png */; };
		2E6AC82F1EBF61A100A13E3D /* yj01_tb0110009@2x.png in Resources */ = {isa = PBXBuildFile; fileRef = 2E6AC8031EBF61A100A13E3D /* yj01_tb0110009@2x.png */; };
		2E6AC8301EBF61A100A13E3D /* yj01_tb0110010@2x.png in Resources */ = {isa = PBXBuildFile; fileRef = 2E6AC8041EBF61A100A13E3D /* yj01_tb0110010@2x.png */; };
		2E6AC8331EBF68BA00A13E3D /* XWSequentialImageView.m in Sources */ = {isa = PBXBuildFile; fileRef = 2E6AC8321EBF68BA00A13E3D /* XWSequentialImageView.m */; };
		2EF7A8FF1EC073F50059F336 /* dlw_yj01_001@2x.png in Resources */ = {isa = PBXBuildFile; fileRef = 2EF7A8BA1EC073F50059F336 /* dlw_yj01_001@2x.png */; };
		2EF7A9001EC073F50059F336 /* dlw_yj01_002@2x.png in Resources */ = {isa = PBXBuildFile; fileRef = 2EF7A8BB1EC073F50059F336 /* dlw_yj01_002@2x.png */; };
		2EF7A9011EC073F50059F336 /* dlw_yj01_003@2x.png in Resources */ = {isa = PBXBuildFile; fileRef = 2EF7A8BC1EC073F50059F336 /* dlw_yj01_003@2x.png */; };
		2EF7A9021EC073F50059F336 /* dlw_yj01_004@2x.png in Resources */ = {isa = PBXBuildFile; fileRef = 2EF7A8BD1EC073F50059F336 /* dlw_yj01_004@2x.png */; };
		2EF7A9031EC073F50059F336 /* dlw_yj01_005@2x.png in Resources */ = {isa = PBXBuildFile; fileRef = 2EF7A8BE1EC073F50059F336 /* dlw_yj01_005@2x.png */; };
		2EF7A9041EC073F50059F336 /* dlw_yj01_006@2x.png in Resources */ = {isa = PBXBuildFile; fileRef = 2EF7A8BF1EC073F50059F336 /* dlw_yj01_006@2x.png */; };
		2EF7A9051EC073F50059F336 /* dlw_yj01_007@2x.png in Resources */ = {isa = PBXBuildFile; fileRef = 2EF7A8C01EC073F50059F336 /* dlw_yj01_007@2x.png */; };
		2EF7A9061EC073F50059F336 /* dlw_yj01_008@2x.png in Resources */ = {isa = PBXBuildFile; fileRef = 2EF7A8C11EC073F50059F336 /* dlw_yj01_008@2x.png */; };
		2EF7A9071EC073F50059F336 /* dlw_yj01_009@2x.png in Resources */ = {isa = PBXBuildFile; fileRef = 2EF7A8C21EC073F50059F336 /* dlw_yj01_009@2x.png */; };
		2EF7A9081EC073F50059F336 /* dlw_yj01_010@2x.png in Resources */ = {isa = PBXBuildFile; fileRef = 2EF7A8C31EC073F50059F336 /* dlw_yj01_010@2x.png */; };
		2EF7A9091EC073F50059F336 /* dlw_yj01_011@2x.png in Resources */ = {isa = PBXBuildFile; fileRef = 2EF7A8C41EC073F50059F336 /* dlw_yj01_011@2x.png */; };
		2EF7A90A1EC073F50059F336 /* dlw_yj01_012@2x.png in Resources */ = {isa = PBXBuildFile; fileRef = 2EF7A8C51EC073F50059F336 /* dlw_yj01_012@2x.png */; };
		2EF7A90B1EC073F50059F336 /* dlw_yj01_013@2x.png in Resources */ = {isa = PBXBuildFile; fileRef = 2EF7A8C61EC073F50059F336 /* dlw_yj01_013@2x.png */; };
		2EF7A90C1EC073F50059F336 /* dlw_yj01_014@2x.png in Resources */ = {isa = PBXBuildFile; fileRef = 2EF7A8C71EC073F50059F336 /* dlw_yj01_014@2x.png */; };
		2EF7A90D1EC073F50059F336 /* dlw_yj01_015@2x.png in Resources */ = {isa = PBXBuildFile; fileRef = 2EF7A8C81EC073F50059F336 /* dlw_yj01_015@2x.png */; };
		2EF7A90E1EC073F50059F336 /* dlw_yj01_016@2x.png in Resources */ = {isa = PBXBuildFile; fileRef = 2EF7A8C91EC073F50059F336 /* dlw_yj01_016@2x.png */; };
		2EF7A90F1EC073F50059F336 /* dlw_yj01_017@2x.png in Resources */ = {isa = PBXBuildFile; fileRef = 2EF7A8CA1EC073F50059F336 /* dlw_yj01_017@2x.png */; };
		2EF7A9101EC073F50059F336 /* dlw_yj01_018@2x.png in Resources */ = {isa = PBXBuildFile; fileRef = 2EF7A8CB1EC073F50059F336 /* dlw_yj01_018@2x.png */; };
		2EF7A9111EC073F50059F336 /* dlw_yj01_019@2x.png in Resources */ = {isa = PBXBuildFile; fileRef = 2EF7A8CC1EC073F50059F336 /* dlw_yj01_019@2x.png */; };
		2EF7A9121EC073F50059F336 /* dlw_yj01_020@2x.png in Resources */ = {isa = PBXBuildFile; fileRef = 2EF7A8CD1EC073F50059F336 /* dlw_yj01_020@2x.png */; };
		2EF7A9131EC073F50059F336 /* dlw_yj01_021@2x.png in Resources */ = {isa = PBXBuildFile; fileRef = 2EF7A8CE1EC073F50059F336 /* dlw_yj01_021@2x.png */; };
		2EF7A9141EC073F50059F336 /* dlw_yj01_022@2x.png in Resources */ = {isa = PBXBuildFile; fileRef = 2EF7A8CF1EC073F50059F336 /* dlw_yj01_022@2x.png */; };
		2EF7A9151EC073F50059F336 /* dlw_yj01_023@2x.png in Resources */ = {isa = PBXBuildFile; fileRef = 2EF7A8D01EC073F50059F336 /* dlw_yj01_023@2x.png */; };
		2EF7A9161EC073F50059F336 /* dlw_yj01_024@2x.png in Resources */ = {isa = PBXBuildFile; fileRef = 2EF7A8D11EC073F50059F336 /* dlw_yj01_024@2x.png */; };
		2EF7A9171EC073F50059F336 /* dlw_yj01_025@2x.png in Resources */ = {isa = PBXBuildFile; fileRef = 2EF7A8D21EC073F50059F336 /* dlw_yj01_025@2x.png */; };
		2EF7A9181EC073F50059F336 /* dlw_yj01_026@2x.png in Resources */ = {isa = PBXBuildFile; fileRef = 2EF7A8D31EC073F50059F336 /* dlw_yj01_026@2x.png */; };
		2EF7A9191EC073F50059F336 /* dlw_yj01_027@2x.png in Resources */ = {isa = PBXBuildFile; fileRef = 2EF7A8D41EC073F50059F336 /* dlw_yj01_027@2x.png */; };
		2EF7A91A1EC073F50059F336 /* dlw_yj01_028@2x.png in Resources */ = {isa = PBXBuildFile; fileRef = 2EF7A8D51EC073F50059F336 /* dlw_yj01_028@2x.png */; };
		2EF7A91B1EC073F50059F336 /* dlw_yj01_029@2x.png in Resources */ = {isa = PBXBuildFile; fileRef = 2EF7A8D61EC073F50059F336 /* dlw_yj01_029@2x.png */; };
		2EF7A91C1EC073F50059F336 /* dlw_yj01_030@2x.png in Resources */ = {isa = PBXBuildFile; fileRef = 2EF7A8D71EC073F50059F336 /* dlw_yj01_030@2x.png */; };
		2EF7A91D1EC073F50059F336 /* dlw_yj01_031@2x.png in Resources */ = {isa = PBXBuildFile; fileRef = 2EF7A8D81EC073F50059F336 /* dlw_yj01_031@2x.png */; };
		2EF7A91E1EC073F50059F336 /* dlw_yj01_032@2x.png in Resources */ = {isa = PBXBuildFile; fileRef = 2EF7A8D91EC073F50059F336 /* dlw_yj01_032@2x.png */; };
		2EF7A91F1EC073F50059F336 /* dlw_yj01_033@2x.png in Resources */ = {isa = PBXBuildFile; fileRef = 2EF7A8DA1EC073F50059F336 /* dlw_yj01_033@2x.png */; };
		2EF7A9201EC073F50059F336 /* dlw_yj01_034@2x.png in Resources */ = {isa = PBXBuildFile; fileRef = 2EF7A8DB1EC073F50059F336 /* dlw_yj01_034@2x.png */; };
		2EF7A9211EC073F50059F336 /* dlw_yj01001@2x.png in Resources */ = {isa = PBXBuildFile; fileRef = 2EF7A8DC1EC073F50059F336 /* dlw_yj01001@2x.png */; };
		2EF7A9221EC073F50059F336 /* dlw_yj01002.png in Resources */ = {isa = PBXBuildFile; fileRef = 2EF7A8DD1EC073F50059F336 /* dlw_yj01002.png */; };
		2EF7A9231EC073F50059F336 /* dlw_yj01002@2x.png in Resources */ = {isa = PBXBuildFile; fileRef = 2EF7A8DE1EC073F50059F336 /* dlw_yj01002@2x.png */; };
		2EF7A9241EC073F50059F336 /* dlw_yj01003@2x.png in Resources */ = {isa = PBXBuildFile; fileRef = 2EF7A8DF1EC073F50059F336 /* dlw_yj01003@2x.png */; };
		2EF7A9251EC073F50059F336 /* dlw_yj01004@2x.png in Resources */ = {isa = PBXBuildFile; fileRef = 2EF7A8E01EC073F50059F336 /* dlw_yj01004@2x.png */; };
		2EF7A9261EC073F50059F336 /* dlw_yj01005@2x.png in Resources */ = {isa = PBXBuildFile; fileRef = 2EF7A8E11EC073F50059F336 /* dlw_yj01005@2x.png */; };
		2EF7A9271EC073F50059F336 /* dlw_yj01006@2x.png in Resources */ = {isa = PBXBuildFile; fileRef = 2EF7A8E21EC073F50059F336 /* dlw_yj01006@2x.png */; };
		2EF7A9281EC073F50059F336 /* dlw_yj01007@2x.png in Resources */ = {isa = PBXBuildFile; fileRef = 2EF7A8E31EC073F50059F336 /* dlw_yj01007@2x.png */; };
		2EF7A9291EC073F50059F336 /* dlw_yj01008@2x.png in Resources */ = {isa = PBXBuildFile; fileRef = 2EF7A8E41EC073F50059F336 /* dlw_yj01008@2x.png */; };
		2EF7A92A1EC073F50059F336 /* dlw_yj01009@2x.png in Resources */ = {isa = PBXBuildFile; fileRef = 2EF7A8E51EC073F50059F336 /* dlw_yj01009@2x.png */; };
		2EF7A92B1EC073F50059F336 /* dlw_yj01010@2x.png in Resources */ = {isa = PBXBuildFile; fileRef = 2EF7A8E61EC073F50059F336 /* dlw_yj01010@2x.png */; };
		2EF7A92C1EC073F50059F336 /* dlw_yj01011@2x.png in Resources */ = {isa = PBXBuildFile; fileRef = 2EF7A8E71EC073F50059F336 /* dlw_yj01011@2x.png */; };
		2EF7A92D1EC073F50059F336 /* dlw_yj01012@2x.png in Resources */ = {isa = PBXBuildFile; fileRef = 2EF7A8E81EC073F50059F336 /* dlw_yj01012@2x.png */; };
		2EF7A92E1EC073F50059F336 /* dlw_yj01013@2x.png in Resources */ = {isa = PBXBuildFile; fileRef = 2EF7A8E91EC073F50059F336 /* dlw_yj01013@2x.png */; };
		2EF7A92F1EC073F50059F336 /* dlw_yj01014@2x.png in Resources */ = {isa = PBXBuildFile; fileRef = 2EF7A8EA1EC073F50059F336 /* dlw_yj01014@2x.png */; };
		2EF7A9301EC073F50059F336 /* dlw_yj01015@2x.png in Resources */ = {isa = PBXBuildFile; fileRef = 2EF7A8EB1EC073F50059F336 /* dlw_yj01015@2x.png */; };
		2EF7A9311EC073F50059F336 /* dlw_yj01016@2x.png in Resources */ = {isa = PBXBuildFile; fileRef = 2EF7A8EC1EC073F50059F336 /* dlw_yj01016@2x.png */; };
		2EF7A9321EC073F50059F336 /* dlw_yj01017@2x.png in Resources */ = {isa = PBXBuildFile; fileRef = 2EF7A8ED1EC073F50059F336 /* dlw_yj01017@2x.png */; };
		2EF7A9331EC073F50059F336 /* dlw_yj01018@2x.png in Resources */ = {isa = PBXBuildFile; fileRef = 2EF7A8EE1EC073F50059F336 /* dlw_yj01018@2x.png */; };
		2EF7A9341EC073F50059F336 /* dlw_yj01019@2x.png in Resources */ = {isa = PBXBuildFile; fileRef = 2EF7A8EF1EC073F50059F336 /* dlw_yj01019@2x.png */; };
		2EF7A9351EC073F50059F336 /* dlw_yj01020@2x.png in Resources */ = {isa = PBXBuildFile; fileRef = 2EF7A8F01EC073F50059F336 /* dlw_yj01020@2x.png */; };
		2EF7A9361EC073F50059F336 /* dlw_yj01021@2x.png in Resources */ = {isa = PBXBuildFile; fileRef = 2EF7A8F11EC073F50059F336 /* dlw_yj01021@2x.png */; };
		2EF7A9371EC073F50059F336 /* dlw_yj01022@2x.png in Resources */ = {isa = PBXBuildFile; fileRef = 2EF7A8F21EC073F50059F336 /* dlw_yj01022@2x.png */; };
		2EF7A9381EC073F50059F336 /* dlw_yj01023@2x.png in Resources */ = {isa = PBXBuildFile; fileRef = 2EF7A8F31EC073F50059F336 /* dlw_yj01023@2x.png */; };
		2EF7A9391EC073F50059F336 /* dlw_yj01024@2x.png in Resources */ = {isa = PBXBuildFile; fileRef = 2EF7A8F41EC073F50059F336 /* dlw_yj01024@2x.png */; };
		2EF7A93A1EC073F50059F336 /* dlw_yj01025@2x.png in Resources */ = {isa = PBXBuildFile; fileRef = 2EF7A8F51EC073F50059F336 /* dlw_yj01025@2x.png */; };
		2EF7A93B1EC073F50059F336 /* dlw_yj01026@2x.png in Resources */ = {isa = PBXBuildFile; fileRef = 2EF7A8F61EC073F50059F336 /* dlw_yj01026@2x.png */; };
		2EF7A93C1EC073F50059F336 /* dlw_yj01027@2x.png in Resources */ = {isa = PBXBuildFile; fileRef = 2EF7A8F71EC073F50059F336 /* dlw_yj01027@2x.png */; };
		2EF7A93D1EC073F50059F336 /* dlw_yj01028@2x.png in Resources */ = {isa = PBXBuildFile; fileRef = 2EF7A8F81EC073F50059F336 /* dlw_yj01028@2x.png */; };
		2EF7A93E1EC073F50059F336 /* dlw_yj01029@2x.png in Resources */ = {isa = PBXBuildFile; fileRef = 2EF7A8F91EC073F50059F336 /* dlw_yj01029@2x.png */; };
		2EF7A93F1EC073F50059F336 /* dlw_yj01030@2x.png in Resources */ = {isa = PBXBuildFile; fileRef = 2EF7A8FA1EC073F50059F336 /* dlw_yj01030@2x.png */; };
		2EF7A9401EC073F50059F336 /* dlw_yj01031@2x.png in Resources */ = {isa = PBXBuildFile; fileRef = 2EF7A8FB1EC073F50059F336 /* dlw_yj01031@2x.png */; };
		2EF7A9411EC073F50059F336 /* dlw_yj01032@2x.png in Resources */ = {isa = PBXBuildFile; fileRef = 2EF7A8FC1EC073F50059F336 /* dlw_yj01032@2x.png */; };
		2EF7A9421EC073F50059F336 /* dlw_yj01033@2x.png in Resources */ = {isa = PBXBuildFile; fileRef = 2EF7A8FD1EC073F50059F336 /* dlw_yj01033@2x.png */; };
		2EF7A9431EC073F50059F336 /* dlw_yj01034@2x.png in Resources */ = {isa = PBXBuildFile; fileRef = 2EF7A8FE1EC073F50059F336 /* dlw_yj01034@2x.png */; };
/* End PBXBuildFile section */

/* Begin PBXContainerItemProxy section */
		2E6AC7B81EBF605600A13E3D /* PBXContainerItemProxy */ = {
			isa = PBXContainerItemProxy;
			containerPortal = 2E6AC7961EBF605600A13E3D /* Project object */;
			proxyType = 1;
			remoteGlobalIDString = 2E6AC79D1EBF605600A13E3D;
			remoteInfo = XWSequentialAnimation;
		};
		2E6AC7C31EBF605600A13E3D /* PBXContainerItemProxy */ = {
			isa = PBXContainerItemProxy;
			containerPortal = 2E6AC7961EBF605600A13E3D /* Project object */;
			proxyType = 1;
			remoteGlobalIDString = 2E6AC79D1EBF605600A13E3D;
			remoteInfo = XWSequentialAnimation;
		};
/* End PBXContainerItemProxy section */

/* Begin PBXFileReference section */
		2E6AC79E1EBF605600A13E3D /* XWSequentialAnimation.app */ = {isa = PBXFileReference; explicitFileType = wrapper.application; includeInIndex = 0; path = XWSequentialAnimation.app; sourceTree = BUILT_PRODUCTS_DIR; };
		2E6AC7A21EBF605600A13E3D /* main.m */ = {isa = PBXFileReference; lastKnownFileType = sourcecode.c.objc; path = main.m; sourceTree = "<group>"; };
		2E6AC7A41EBF605600A13E3D /* AppDelegate.h */ = {isa = PBXFileReference; lastKnownFileType = sourcecode.c.h; path = AppDelegate.h; sourceTree = "<group>"; };
		2E6AC7A51EBF605600A13E3D /* AppDelegate.m */ = {isa = PBXFileReference; lastKnownFileType = sourcecode.c.objc; path = AppDelegate.m; sourceTree = "<group>"; };
		2E6AC7A71EBF605600A13E3D /* ViewController.h */ = {isa = PBXFileReference; lastKnownFileType = sourcecode.c.h; path = ViewController.h; sourceTree = "<group>"; };
		2E6AC7A81EBF605600A13E3D /* ViewController.m */ = {isa = PBXFileReference; lastKnownFileType = sourcecode.c.objc; path = ViewController.m; sourceTree = "<group>"; };
		2E6AC7AB1EBF605600A13E3D /* Base */ = {isa = PBXFileReference; lastKnownFileType = file.storyboard; name = Base; path = Base.lproj/Main.storyboard; sourceTree = "<group>"; };
		2E6AC7AD1EBF605600A13E3D /* Assets.xcassets */ = {isa = PBXFileReference; lastKnownFileType = folder.assetcatalog; path = Assets.xcassets; sourceTree = "<group>"; };
		2E6AC7B01EBF605600A13E3D /* Base */ = {isa = PBXFileReference; lastKnownFileType = file.storyboard; name = Base; path = Base.lproj/LaunchScreen.storyboard; sourceTree = "<group>"; };
		2E6AC7B21EBF605600A13E3D /* Info.plist */ = {isa = PBXFileReference; lastKnownFileType = text.plist.xml; path = Info.plist; sourceTree = "<group>"; };
		2E6AC7B71EBF605600A13E3D /* XWSequentialAnimationTests.xctest */ = {isa = PBXFileReference; explicitFileType = wrapper.cfbundle; includeInIndex = 0; path = XWSequentialAnimationTests.xctest; sourceTree = BUILT_PRODUCTS_DIR; };
		2E6AC7BB1EBF605600A13E3D /* XWSequentialAnimationTests.m */ = {isa = PBXFileReference; lastKnownFileType = sourcecode.c.objc; path = XWSequentialAnimationTests.m; sourceTree = "<group>"; };
		2E6AC7BD1EBF605600A13E3D /* Info.plist */ = {isa = PBXFileReference; lastKnownFileType = text.plist.xml; path = Info.plist; sourceTree = "<group>"; };
		2E6AC7C21EBF605600A13E3D /* XWSequentialAnimationUITests.xctest */ = {isa = PBXFileReference; explicitFileType = wrapper.cfbundle; includeInIndex = 0; path = XWSequentialAnimationUITests.xctest; sourceTree = BUILT_PRODUCTS_DIR; };
		2E6AC7C61EBF605600A13E3D /* XWSequentialAnimationUITests.m */ = {isa = PBXFileReference; lastKnownFileType = sourcecode.c.objc; path = XWSequentialAnimationUITests.m; sourceTree = "<group>"; };
		2E6AC7C81EBF605600A13E3D /* Info.plist */ = {isa = PBXFileReference; lastKnownFileType = text.plist.xml; path = Info.plist; sourceTree = "<group>"; };
		2E6AC7FB1EBF61A100A13E3D /* yj01_tb0110001@2x.png */ = {isa = PBXFileReference; lastKnownFileType = image.png; path = "yj01_tb0110001@2x.png"; sourceTree = "<group>"; };
		2E6AC7FC1EBF61A100A13E3D /* yj01_tb0110002@2x.png */ = {isa = PBXFileReference; lastKnownFileType = image.png; path = "yj01_tb0110002@2x.png"; sourceTree = "<group>"; };
		2E6AC7FD1EBF61A100A13E3D /* yj01_tb0110003@2x.png */ = {isa = PBXFileReference; lastKnownFileType = image.png; path = "yj01_tb0110003@2x.png"; sourceTree = "<group>"; };
		2E6AC7FE1EBF61A100A13E3D /* yj01_tb0110004@2x.png */ = {isa = PBXFileReference; lastKnownFileType = image.png; path = "yj01_tb0110004@2x.png"; sourceTree = "<group>"; };
		2E6AC7FF1EBF61A100A13E3D /* yj01_tb0110005@2x.png */ = {isa = PBXFileReference; lastKnownFileType = image.png; path = "yj01_tb0110005@2x.png"; sourceTree = "<group>"; };
		2E6AC8001EBF61A100A13E3D /* yj01_tb0110006@2x.png */ = {isa = PBXFileReference; lastKnownFileType = image.png; path = "yj01_tb0110006@2x.png"; sourceTree = "<group>"; };
		2E6AC8011EBF61A100A13E3D /* yj01_tb0110007@2x.png */ = {isa = PBXFileReference; lastKnownFileType = image.png; path = "yj01_tb0110007@2x.png"; sourceTree = "<group>"; };
		2E6AC8021EBF61A100A13E3D /* yj01_tb0110008@2x.png */ = {isa = PBXFileReference; lastKnownFileType = image.png; path = "yj01_tb0110008@2x.png"; sourceTree = "<group>"; };
		2E6AC8031EBF61A100A13E3D /* yj01_tb0110009@2x.png */ = {isa = PBXFileReference; lastKnownFileType = image.png; path = "yj01_tb0110009@2x.png"; sourceTree = "<group>"; };
		2E6AC8041EBF61A100A13E3D /* yj01_tb0110010@2x.png */ = {isa = PBXFileReference; lastKnownFileType = image.png; path = "yj01_tb0110010@2x.png"; sourceTree = "<group>"; };
		2E6AC8311EBF68BA00A13E3D /* XWSequentialImageView.h */ = {isa = PBXFileReference; fileEncoding = 4; lastKnownFileType = sourcecode.c.h; path = XWSequentialImageView.h; sourceTree = "<group>"; };
		2E6AC8321EBF68BA00A13E3D /* XWSequentialImageView.m */ = {isa = PBXFileReference; fileEncoding = 4; lastKnownFileType = sourcecode.c.objc; path = XWSequentialImageView.m; sourceTree = "<group>"; };
		2EF7A8BA1EC073F50059F336 /* dlw_yj01_001@2x.png */ = {isa = PBXFileReference; lastKnownFileType = image.png; path = "dlw_yj01_001@2x.png"; sourceTree = "<group>"; };
		2EF7A8BB1EC073F50059F336 /* dlw_yj01_002@2x.png */ = {isa = PBXFileReference; lastKnownFileType = image.png; path = "dlw_yj01_002@2x.png"; sourceTree = "<group>"; };
		2EF7A8BC1EC073F50059F336 /* dlw_yj01_003@2x.png */ = {isa = PBXFileReference; lastKnownFileType = image.png; path = "dlw_yj01_003@2x.png"; sourceTree = "<group>"; };
		2EF7A8BD1EC073F50059F336 /* dlw_yj01_004@2x.png */ = {isa = PBXFileReference; lastKnownFileType = image.png; path = "dlw_yj01_004@2x.png"; sourceTree = "<group>"; };
		2EF7A8BE1EC073F50059F336 /* dlw_yj01_005@2x.png */ = {isa = PBXFileReference; lastKnownFileType = image.png; path = "dlw_yj01_005@2x.png"; sourceTree = "<group>"; };
		2EF7A8BF1EC073F50059F336 /* dlw_yj01_006@2x.png */ = {isa = PBXFileReference; lastKnownFileType = image.png; path = "dlw_yj01_006@2x.png"; sourceTree = "<group>"; };
		2EF7A8C01EC073F50059F336 /* dlw_yj01_007@2x.png */ = {isa = PBXFileReference; lastKnownFileType = image.png; path = "dlw_yj01_007@2x.png"; sourceTree = "<group>"; };
		2EF7A8C11EC073F50059F336 /* dlw_yj01_008@2x.png */ = {isa = PBXFileReference; lastKnownFileType = image.png; path = "dlw_yj01_008@2x.png"; sourceTree = "<group>"; };
		2EF7A8C21EC073F50059F336 /* dlw_yj01_009@2x.png */ = {isa = PBXFileReference; lastKnownFileType = image.png; path = "dlw_yj01_009@2x.png"; sourceTree = "<group>"; };
		2EF7A8C31EC073F50059F336 /* dlw_yj01_010@2x.png */ = {isa = PBXFileReference; lastKnownFileType = image.png; path = "dlw_yj01_010@2x.png"; sourceTree = "<group>"; };
		2EF7A8C41EC073F50059F336 /* dlw_yj01_011@2x.png */ = {isa = PBXFileReference; lastKnownFileType = image.png; path = "dlw_yj01_011@2x.png"; sourceTree = "<group>"; };
		2EF7A8C51EC073F50059F336 /* dlw_yj01_012@2x.png */ = {isa = PBXFileReference; lastKnownFileType = image.png; path = "dlw_yj01_012@2x.png"; sourceTree = "<group>"; };
		2EF7A8C61EC073F50059F336 /* dlw_yj01_013@2x.png */ = {isa = PBXFileReference; lastKnownFileType = image.png; path = "dlw_yj01_013@2x.png"; sourceTree = "<group>"; };
		2EF7A8C71EC073F50059F336 /* dlw_yj01_014@2x.png */ = {isa = PBXFileReference; lastKnownFileType = image.png; path = "dlw_yj01_014@2x.png"; sourceTree = "<group>"; };
		2EF7A8C81EC073F50059F336 /* dlw_yj01_015@2x.png */ = {isa = PBXFileReference; lastKnownFileType = image.png; path = "dlw_yj01_015@2x.png"; sourceTree = "<group>"; };
		2EF7A8C91EC073F50059F336 /* dlw_yj01_016@2x.png */ = {isa = PBXFileReference; lastKnownFileType = image.png; path = "dlw_yj01_016@2x.png"; sourceTree = "<group>"; };
		2EF7A8CA1EC073F50059F336 /* dlw_yj01_017@2x.png */ = {isa = PBXFileReference; lastKnownFileType = image.png; path = "dlw_yj01_017@2x.png"; sourceTree = "<group>"; };
		2EF7A8CB1EC073F50059F336 /* dlw_yj01_018@2x.png */ = {isa = PBXFileReference; lastKnownFileType = image.png; path = "dlw_yj01_018@2x.png"; sourceTree = "<group>"; };
		2EF7A8CC1EC073F50059F336 /* dlw_yj01_019@2x.png */ = {isa = PBXFileReference; lastKnownFileType = image.png; path = "dlw_yj01_019@2x.png"; sourceTree = "<group>"; };
		2EF7A8CD1EC073F50059F336 /* dlw_yj01_020@2x.png */ = {isa = PBXFileReference; lastKnownFileType = image.png; path = "dlw_yj01_020@2x.png"; sourceTree = "<group>"; };
		2EF7A8CE1EC073F50059F336 /* dlw_yj01_021@2x.png */ = {isa = PBXFileReference; lastKnownFileType = image.png; path = "dlw_yj01_021@2x.png"; sourceTree = "<group>"; };
		2EF7A8CF1EC073F50059F336 /* dlw_yj01_022@2x.png */ = {isa = PBXFileReference; lastKnownFileType = image.png; path = "dlw_yj01_022@2x.png"; sourceTree = "<group>"; };
		2EF7A8D01EC073F50059F336 /* dlw_yj01_023@2x.png */ = {isa = PBXFileReference; lastKnownFileType = image.png; path = "dlw_yj01_023@2x.png"; sourceTree = "<group>"; };
		2EF7A8D11EC073F50059F336 /* dlw_yj01_024@2x.png */ = {isa = PBXFileReference; lastKnownFileType = image.png; path = "dlw_yj01_024@2x.png"; sourceTree = "<group>"; };
		2EF7A8D21EC073F50059F336 /* dlw_yj01_025@2x.png */ = {isa = PBXFileReference; lastKnownFileType = image.png; path = "dlw_yj01_025@2x.png"; sourceTree = "<group>"; };
		2EF7A8D31EC073F50059F336 /* dlw_yj01_026@2x.png */ = {isa = PBXFileReference; lastKnownFileType = image.png; path = "dlw_yj01_026@2x.png"; sourceTree = "<group>"; };
		2EF7A8D41EC073F50059F336 /* dlw_yj01_027@2x.png */ = {isa = PBXFileReference; lastKnownFileType = image.png; path = "dlw_yj01_027@2x.png"; sourceTree = "<group>"; };
		2EF7A8D51EC073F50059F336 /* dlw_yj01_028@2x.png */ = {isa = PBXFileReference; lastKnownFileType = image.png; path = "dlw_yj01_028@2x.png"; sourceTree = "<group>"; };
		2EF7A8D61EC073F50059F336 /* dlw_yj01_029@2x.png */ = {isa = PBXFileReference; lastKnownFileType = image.png; path = "dlw_yj01_029@2x.png"; sourceTree = "<group>"; };
		2EF7A8D71EC073F50059F336 /* dlw_yj01_030@2x.png */ = {isa = PBXFileReference; lastKnownFileType = image.png; path = "dlw_yj01_030@2x.png"; sourceTree = "<group>"; };
		2EF7A8D81EC073F50059F336 /* dlw_yj01_031@2x.png */ = {isa = PBXFileReference; lastKnownFileType = image.png; path = "dlw_yj01_031@2x.png"; sourceTree = "<group>"; };
		2EF7A8D91EC073F50059F336 /* dlw_yj01_032@2x.png */ = {isa = PBXFileReference; lastKnownFileType = image.png; path = "dlw_yj01_032@2x.png"; sourceTree = "<group>"; };
		2EF7A8DA1EC073F50059F336 /* dlw_yj01_033@2x.png */ = {isa = PBXFileReference; lastKnownFileType = image.png; path = "dlw_yj01_033@2x.png"; sourceTree = "<group>"; };
		2EF7A8DB1EC073F50059F336 /* dlw_yj01_034@2x.png */ = {isa = PBXFileReference; lastKnownFileType = image.png; path = "dlw_yj01_034@2x.png"; sourceTree = "<group>"; };
		2EF7A8DC1EC073F50059F336 /* dlw_yj01001@2x.png */ = {isa = PBXFileReference; lastKnownFileType = image.png; path = "dlw_yj01001@2x.png"; sourceTree = "<group>"; };
		2EF7A8DD1EC073F50059F336 /* dlw_yj01002.png */ = {isa = PBXFileReference; lastKnownFileType = image.png; path = dlw_yj01002.png; sourceTree = "<group>"; };
		2EF7A8DE1EC073F50059F336 /* dlw_yj01002@2x.png */ = {isa = PBXFileReference; lastKnownFileType = image.png; path = "dlw_yj01002@2x.png"; sourceTree = "<group>"; };
		2EF7A8DF1EC073F50059F336 /* dlw_yj01003@2x.png */ = {isa = PBXFileReference; lastKnownFileType = image.png; path = "dlw_yj01003@2x.png"; sourceTree = "<group>"; };
		2EF7A8E01EC073F50059F336 /* dlw_yj01004@2x.png */ = {isa = PBXFileReference; lastKnownFileType = image.png; path = "dlw_yj01004@2x.png"; sourceTree = "<group>"; };
		2EF7A8E11EC073F50059F336 /* dlw_yj01005@2x.png */ = {isa = PBXFileReference; lastKnownFileType = image.png; path = "dlw_yj01005@2x.png"; sourceTree = "<group>"; };
		2EF7A8E21EC073F50059F336 /* dlw_yj01006@2x.png */ = {isa = PBXFileReference; lastKnownFileType = image.png; path = "dlw_yj01006@2x.png"; sourceTree = "<group>"; };
		2EF7A8E31EC073F50059F336 /* dlw_yj01007@2x.png */ = {isa = PBXFileReference; lastKnownFileType = image.png; path = "dlw_yj01007@2x.png"; sourceTree = "<group>"; };
		2EF7A8E41EC073F50059F336 /* dlw_yj01008@2x.png */ = {isa = PBXFileReference; lastKnownFileType = image.png; path = "dlw_yj01008@2x.png"; sourceTree = "<group>"; };
		2EF7A8E51EC073F50059F336 /* dlw_yj01009@2x.png */ = {isa = PBXFileReference; lastKnownFileType = image.png; path = "dlw_yj01009@2x.png"; sourceTree = "<group>"; };
		2EF7A8E61EC073F50059F336 /* dlw_yj01010@2x.png */ = {isa = PBXFileReference; lastKnownFileType = image.png; path = "dlw_yj01010@2x.png"; sourceTree = "<group>"; };
		2EF7A8E71EC073F50059F336 /* dlw_yj01011@2x.png */ = {isa = PBXFileReference; lastKnownFileType = image.png; path = "dlw_yj01011@2x.png"; sourceTree = "<group>"; };
		2EF7A8E81EC073F50059F336 /* dlw_yj01012@2x.png */ = {isa = PBXFileReference; lastKnownFileType = image.png; path = "dlw_yj01012@2x.png"; sourceTree = "<group>"; };
		2EF7A8E91EC073F50059F336 /* dlw_yj01013@2x.png */ = {isa = PBXFileReference; lastKnownFileType = image.png; path = "dlw_yj01013@2x.png"; sourceTree = "<group>"; };
		2EF7A8EA1EC073F50059F336 /* dlw_yj01014@2x.png */ = {isa = PBXFileReference; lastKnownFileType = image.png; path = "dlw_yj01014@2x.png"; sourceTree = "<group>"; };
		2EF7A8EB1EC073F50059F336 /* dlw_yj01015@2x.png */ = {isa = PBXFileReference; lastKnownFileType = image.png; path = "dlw_yj01015@2x.png"; sourceTree = "<group>"; };
		2EF7A8EC1EC073F50059F336 /* dlw_yj01016@2x.png */ = {isa = PBXFileReference; lastKnownFileType = image.png; path = "dlw_yj01016@2x.png"; sourceTree = "<group>"; };
		2EF7A8ED1EC073F50059F336 /* dlw_yj01017@2x.png */ = {isa = PBXFileReference; lastKnownFileType = image.png; path = "dlw_yj01017@2x.png"; sourceTree = "<group>"; };
		2EF7A8EE1EC073F50059F336 /* dlw_yj01018@2x.png */ = {isa = PBXFileReference; lastKnownFileType = image.png; path = "dlw_yj01018@2x.png"; sourceTree = "<group>"; };
		2EF7A8EF1EC073F50059F336 /* dlw_yj01019@2x.png */ = {isa = PBXFileReference; lastKnownFileType = image.png; path = "dlw_yj01019@2x.png"; sourceTree = "<group>"; };
		2EF7A8F01EC073F50059F336 /* dlw_yj01020@2x.png */ = {isa = PBXFileReference; lastKnownFileType = image.png; path = "dlw_yj01020@2x.png"; sourceTree = "<group>"; };
		2EF7A8F11EC073F50059F336 /* dlw_yj01021@2x.png */ = {isa = PBXFileReference; lastKnownFileType = image.png; path = "dlw_yj01021@2x.png"; sourceTree = "<group>"; };
		2EF7A8F21EC073F50059F336 /* dlw_yj01022@2x.png */ = {isa = PBXFileReference; lastKnownFileType = image.png; path = "dlw_yj01022@2x.png"; sourceTree = "<group>"; };
		2EF7A8F31EC073F50059F336 /* dlw_yj01023@2x.png */ = {isa = PBXFileReference; lastKnownFileType = image.png; path = "dlw_yj01023@2x.png"; sourceTree = "<group>"; };
		2EF7A8F41EC073F50059F336 /* dlw_yj01024@2x.png */ = {isa = PBXFileReference; lastKnownFileType = image.png; path = "dlw_yj01024@2x.png"; sourceTree = "<group>"; };
		2EF7A8F51EC073F50059F336 /* dlw_yj01025@2x.png */ = {isa = PBXFileReference; lastKnownFileType = image.png; path = "dlw_yj01025@2x.png"; sourceTree = "<group>"; };
		2EF7A8F61EC073F50059F336 /* dlw_yj01026@2x.png */ = {isa = PBXFileReference; lastKnownFileType = image.png; path = "dlw_yj01026@2x.png"; sourceTree = "<group>"; };
		2EF7A8F71EC073F50059F336 /* dlw_yj01027@2x.png */ = {isa = PBXFileReference; lastKnownFileType = image.png; path = "dlw_yj01027@2x.png"; sourceTree = "<group>"; };
		2EF7A8F81EC073F50059F336 /* dlw_yj01028@2x.png */ = {isa = PBXFileReference; lastKnownFileType = image.png; path = "dlw_yj01028@2x.png"; sourceTree = "<group>"; };
		2EF7A8F91EC073F50059F336 /* dlw_yj01029@2x.png */ = {isa = PBXFileReference; lastKnownFileType = image.png; path = "dlw_yj01029@2x.png"; sourceTree = "<group>"; };
		2EF7A8FA1EC073F50059F336 /* dlw_yj01030@2x.png */ = {isa = PBXFileReference; lastKnownFileType = image.png; path = "dlw_yj01030@2x.png"; sourceTree = "<group>"; };
		2EF7A8FB1EC073F50059F336 /* dlw_yj01031@2x.png */ = {isa = PBXFileReference; lastKnownFileType = image.png; path = "dlw_yj01031@2x.png"; sourceTree = "<group>"; };
		2EF7A8FC1EC073F50059F336 /* dlw_yj01032@2x.png */ = {isa = PBXFileReference; lastKnownFileType = image.png; path = "dlw_yj01032@2x.png"; sourceTree = "<group>"; };
		2EF7A8FD1EC073F50059F336 /* dlw_yj01033@2x.png */ = {isa = PBXFileReference; lastKnownFileType = image.png; path = "dlw_yj01033@2x.png"; sourceTree = "<group>"; };
		2EF7A8FE1EC073F50059F336 /* dlw_yj01034@2x.png */ = {isa = PBXFileReference; lastKnownFileType = image.png; path = "dlw_yj01034@2x.png"; sourceTree = "<group>"; };
/* End PBXFileReference section */

/* Begin PBXFrameworksBuildPhase section */
		2E6AC79B1EBF605600A13E3D /* Frameworks */ = {
			isa = PBXFrameworksBuildPhase;
			buildActionMask = 2147483647;
			files = (
			);
			runOnlyForDeploymentPostprocessing = 0;
		};
		2E6AC7B41EBF605600A13E3D /* Frameworks */ = {
			isa = PBXFrameworksBuildPhase;
			buildActionMask = 2147483647;
			files = (
			);
			runOnlyForDeploymentPostprocessing = 0;
		};
		2E6AC7BF1EBF605600A13E3D /* Frameworks */ = {
			isa = PBXFrameworksBuildPhase;
			buildActionMask = 2147483647;
			files = (
			);
			runOnlyForDeploymentPostprocessing = 0;
		};
/* End PBXFrameworksBuildPhase section */

/* Begin PBXGroup section */
		2E6AC7951EBF605600A13E3D = {
			isa = PBXGroup;
			children = (
				2E6AC7A01EBF605600A13E3D /* XWSequentialAnimation */,
				2E6AC7BA1EBF605600A13E3D /* XWSequentialAnimationTests */,
				2E6AC7C51EBF605600A13E3D /* XWSequentialAnimationUITests */,
				2E6AC79F1EBF605600A13E3D /* Products */,
			);
			sourceTree = "<group>";
		};
		2E6AC79F1EBF605600A13E3D /* Products */ = {
			isa = PBXGroup;
			children = (
				2E6AC79E1EBF605600A13E3D /* XWSequentialAnimation.app */,
				2E6AC7B71EBF605600A13E3D /* XWSequentialAnimationTests.xctest */,
				2E6AC7C21EBF605600A13E3D /* XWSequentialAnimationUITests.xctest */,
			);
			name = Products;
			sourceTree = "<group>";
		};
		2E6AC7A01EBF605600A13E3D /* XWSequentialAnimation */ = {
			isa = PBXGroup;
			children = (
				2EF7A8751EC06EE40059F336 /* dlw_yj01_0 */,
				2E6AC7FA1EBF61A100A13E3D /* dlw_yj01_tb01 */,
				2E6AC7A41EBF605600A13E3D /* AppDelegate.h */,
				2E6AC7A51EBF605600A13E3D /* AppDelegate.m */,
				2E6AC7A71EBF605600A13E3D /* ViewController.h */,
				2E6AC7A81EBF605600A13E3D /* ViewController.m */,
				2E6AC7AA1EBF605600A13E3D /* Main.storyboard */,
				2E6AC7AD1EBF605600A13E3D /* Assets.xcassets */,
				2E6AC7AF1EBF605600A13E3D /* LaunchScreen.storyboard */,
				2E6AC7B21EBF605600A13E3D /* Info.plist */,
				2E6AC7A11EBF605600A13E3D /* Supporting Files */,
				2E6AC8311EBF68BA00A13E3D /* XWSequentialImageView.h */,
				2E6AC8321EBF68BA00A13E3D /* XWSequentialImageView.m */,
			);
			path = XWSequentialAnimation;
			sourceTree = "<group>";
		};
		2E6AC7A11EBF605600A13E3D /* Supporting Files */ = {
			isa = PBXGroup;
			children = (
				2E6AC7A21EBF605600A13E3D /* main.m */,
			);
			name = "Supporting Files";
			sourceTree = "<group>";
		};
		2E6AC7BA1EBF605600A13E3D /* XWSequentialAnimationTests */ = {
			isa = PBXGroup;
			children = (
				2E6AC7BB1EBF605600A13E3D /* XWSequentialAnimationTests.m */,
				2E6AC7BD1EBF605600A13E3D /* Info.plist */,
			);
			path = XWSequentialAnimationTests;
			sourceTree = "<group>";
		};
		2E6AC7C51EBF605600A13E3D /* XWSequentialAnimationUITests */ = {
			isa = PBXGroup;
			children = (
				2E6AC7C61EBF605600A13E3D /* XWSequentialAnimationUITests.m */,
				2E6AC7C81EBF605600A13E3D /* Info.plist */,
			);
			path = XWSequentialAnimationUITests;
			sourceTree = "<group>";
		};
		2E6AC7FA1EBF61A100A13E3D /* dlw_yj01_tb01 */ = {
			isa = PBXGroup;
			children = (
				2E6AC7FB1EBF61A100A13E3D /* yj01_tb0110001@2x.png */,
				2E6AC7FC1EBF61A100A13E3D /* yj01_tb0110002@2x.png */,
				2E6AC7FD1EBF61A100A13E3D /* yj01_tb0110003@2x.png */,
				2E6AC7FE1EBF61A100A13E3D /* yj01_tb0110004@2x.png */,
				2E6AC7FF1EBF61A100A13E3D /* yj01_tb0110005@2x.png */,
				2E6AC8001EBF61A100A13E3D /* yj01_tb0110006@2x.png */,
				2E6AC8011EBF61A100A13E3D /* yj01_tb0110007@2x.png */,
				2E6AC8021EBF61A100A13E3D /* yj01_tb0110008@2x.png */,
				2E6AC8031EBF61A100A13E3D /* yj01_tb0110009@2x.png */,
				2E6AC8041EBF61A100A13E3D /* yj01_tb0110010@2x.png */,
			);
			path = dlw_yj01_tb01;
			sourceTree = "<group>";
		};
		2EF7A8751EC06EE40059F336 /* dlw_yj01_0 */ = {
			isa = PBXGroup;
			children = (
				2EF7A8BA1EC073F50059F336 /* dlw_yj01_001@2x.png */,
				2EF7A8BB1EC073F50059F336 /* dlw_yj01_002@2x.png */,
				2EF7A8BC1EC073F50059F336 /* dlw_yj01_003@2x.png */,
				2EF7A8BD1EC073F50059F336 /* dlw_yj01_004@2x.png */,
				2EF7A8BE1EC073F50059F336 /* dlw_yj01_005@2x.png */,
				2EF7A8BF1EC073F50059F336 /* dlw_yj01_006@2x.png */,
				2EF7A8C01EC073F50059F336 /* dlw_yj01_007@2x.png */,
				2EF7A8C11EC073F50059F336 /* dlw_yj01_008@2x.png */,
				2EF7A8C21EC073F50059F336 /* dlw_yj01_009@2x.png */,
				2EF7A8C31EC073F50059F336 /* dlw_yj01_010@2x.png */,
				2EF7A8C41EC073F50059F336 /* dlw_yj01_011@2x.png */,
				2EF7A8C51EC073F50059F336 /* dlw_yj01_012@2x.png */,
				2EF7A8C61EC073F50059F336 /* dlw_yj01_013@2x.png */,
				2EF7A8C71EC073F50059F336 /* dlw_yj01_014@2x.png */,
				2EF7A8C81EC073F50059F336 /* dlw_yj01_015@2x.png */,
				2EF7A8C91EC073F50059F336 /* dlw_yj01_016@2x.png */,
				2EF7A8CA1EC073F50059F336 /* dlw_yj01_017@2x.png */,
				2EF7A8CB1EC073F50059F336 /* dlw_yj01_018@2x.png */,
				2EF7A8CC1EC073F50059F336 /* dlw_yj01_019@2x.png */,
				2EF7A8CD1EC073F50059F336 /* dlw_yj01_020@2x.png */,
				2EF7A8CE1EC073F50059F336 /* dlw_yj01_021@2x.png */,
				2EF7A8CF1EC073F50059F336 /* dlw_yj01_022@2x.png */,
				2EF7A8D01EC073F50059F336 /* dlw_yj01_023@2x.png */,
				2EF7A8D11EC073F50059F336 /* dlw_yj01_024@2x.png */,
				2EF7A8D21EC073F50059F336 /* dlw_yj01_025@2x.png */,
				2EF7A8D31EC073F50059F336 /* dlw_yj01_026@2x.png */,
				2EF7A8D41EC073F50059F336 /* dlw_yj01_027@2x.png */,
				2EF7A8D51EC073F50059F336 /* dlw_yj01_028@2x.png */,
				2EF7A8D61EC073F50059F336 /* dlw_yj01_029@2x.png */,
				2EF7A8D71EC073F50059F336 /* dlw_yj01_030@2x.png */,
				2EF7A8D81EC073F50059F336 /* dlw_yj01_031@2x.png */,
				2EF7A8D91EC073F50059F336 /* dlw_yj01_032@2x.png */,
				2EF7A8DA1EC073F50059F336 /* dlw_yj01_033@2x.png */,
				2EF7A8DB1EC073F50059F336 /* dlw_yj01_034@2x.png */,
				2EF7A8DC1EC073F50059F336 /* dlw_yj01001@2x.png */,
				2EF7A8DD1EC073F50059F336 /* dlw_yj01002.png */,
				2EF7A8DE1EC073F50059F336 /* dlw_yj01002@2x.png */,
				2EF7A8DF1EC073F50059F336 /* dlw_yj01003@2x.png */,
				2EF7A8E01EC073F50059F336 /* dlw_yj01004@2x.png */,
				2EF7A8E11EC073F50059F336 /* dlw_yj01005@2x.png */,
				2EF7A8E21EC073F50059F336 /* dlw_yj01006@2x.png */,
				2EF7A8E31EC073F50059F336 /* dlw_yj01007@2x.png */,
				2EF7A8E41EC073F50059F336 /* dlw_yj01008@2x.png */,
				2EF7A8E51EC073F50059F336 /* dlw_yj01009@2x.png */,
				2EF7A8E61EC073F50059F336 /* dlw_yj01010@2x.png */,
				2EF7A8E71EC073F50059F336 /* dlw_yj01011@2x.png */,
				2EF7A8E81EC073F50059F336 /* dlw_yj01012@2x.png */,
				2EF7A8E91EC073F50059F336 /* dlw_yj01013@2x.png */,
				2EF7A8EA1EC073F50059F336 /* dlw_yj01014@2x.png */,
				2EF7A8EB1EC073F50059F336 /* dlw_yj01015@2x.png */,
				2EF7A8EC1EC073F50059F336 /* dlw_yj01016@2x.png */,
				2EF7A8ED1EC073F50059F336 /* dlw_yj01017@2x.png */,
				2EF7A8EE1EC073F50059F336 /* dlw_yj01018@2x.png */,
				2EF7A8EF1EC073F50059F336 /* dlw_yj01019@2x.png */,
				2EF7A8F01EC073F50059F336 /* dlw_yj01020@2x.png */,
				2EF7A8F11EC073F50059F336 /* dlw_yj01021@2x.png */,
				2EF7A8F21EC073F50059F336 /* dlw_yj01022@2x.png */,
				2EF7A8F31EC073F50059F336 /* dlw_yj01023@2x.png */,
				2EF7A8F41EC073F50059F336 /* dlw_yj01024@2x.png */,
				2EF7A8F51EC073F50059F336 /* dlw_yj01025@2x.png */,
				2EF7A8F61EC073F50059F336 /* dlw_yj01026@2x.png */,
				2EF7A8F71EC073F50059F336 /* dlw_yj01027@2x.png */,
				2EF7A8F81EC073F50059F336 /* dlw_yj01028@2x.png */,
				2EF7A8F91EC073F50059F336 /* dlw_yj01029@2x.png */,
				2EF7A8FA1EC073F50059F336 /* dlw_yj01030@2x.png */,
				2EF7A8FB1EC073F50059F336 /* dlw_yj01031@2x.png */,
				2EF7A8FC1EC073F50059F336 /* dlw_yj01032@2x.png */,
				2EF7A8FD1EC073F50059F336 /* dlw_yj01033@2x.png */,
				2EF7A8FE1EC073F50059F336 /* dlw_yj01034@2x.png */,
			);
			path = dlw_yj01_0;
			sourceTree = "<group>";
		};
/* End PBXGroup section */

/* Begin PBXNativeTarget section */
		2E6AC79D1EBF605600A13E3D /* XWSequentialAnimation */ = {
			isa = PBXNativeTarget;
			buildConfigurationList = 2E6AC7CB1EBF605600A13E3D /* Build configuration list for PBXNativeTarget "XWSequentialAnimation" */;
			buildPhases = (
				2E6AC79A1EBF605600A13E3D /* Sources */,
				2E6AC79B1EBF605600A13E3D /* Frameworks */,
				2E6AC79C1EBF605600A13E3D /* Resources */,
			);
			buildRules = (
			);
			dependencies = (
			);
			name = XWSequentialAnimation;
			productName = XWSequentialAnimation;
			productReference = 2E6AC79E1EBF605600A13E3D /* XWSequentialAnimation.app */;
			productType = "com.apple.product-type.application";
		};
		2E6AC7B61EBF605600A13E3D /* XWSequentialAnimationTests */ = {
			isa = PBXNativeTarget;
			buildConfigurationList = 2E6AC7CE1EBF605600A13E3D /* Build configuration list for PBXNativeTarget "XWSequentialAnimationTests" */;
			buildPhases = (
				2E6AC7B31EBF605600A13E3D /* Sources */,
				2E6AC7B41EBF605600A13E3D /* Frameworks */,
				2E6AC7B51EBF605600A13E3D /* Resources */,
			);
			buildRules = (
			);
			dependencies = (
				2E6AC7B91EBF605600A13E3D /* PBXTargetDependency */,
			);
			name = XWSequentialAnimationTests;
			productName = XWSequentialAnimationTests;
			productReference = 2E6AC7B71EBF605600A13E3D /* XWSequentialAnimationTests.xctest */;
			productType = "com.apple.product-type.bundle.unit-test";
		};
		2E6AC7C11EBF605600A13E3D /* XWSequentialAnimationUITests */ = {
			isa = PBXNativeTarget;
			buildConfigurationList = 2E6AC7D11EBF605600A13E3D /* Build configuration list for PBXNativeTarget "XWSequentialAnimationUITests" */;
			buildPhases = (
				2E6AC7BE1EBF605600A13E3D /* Sources */,
				2E6AC7BF1EBF605600A13E3D /* Frameworks */,
				2E6AC7C01EBF605600A13E3D /* Resources */,
			);
			buildRules = (
			);
			dependencies = (
				2E6AC7C41EBF605600A13E3D /* PBXTargetDependency */,
			);
			name = XWSequentialAnimationUITests;
			productName = XWSequentialAnimationUITests;
			productReference = 2E6AC7C21EBF605600A13E3D /* XWSequentialAnimationUITests.xctest */;
			productType = "com.apple.product-type.bundle.ui-testing";
		};
/* End PBXNativeTarget section */

/* Begin PBXProject section */
		2E6AC7961EBF605600A13E3D /* Project object */ = {
			isa = PBXProject;
			attributes = {
				LastUpgradeCheck = 0830;
				ORGANIZATIONNAME = "邱学伟";
				TargetAttributes = {
					2E6AC79D1EBF605600A13E3D = {
						CreatedOnToolsVersion = 8.3.2;
						DevelopmentTeam = 83Z5ZTG53K;
						ProvisioningStyle = Automatic;
					};
					2E6AC7B61EBF605600A13E3D = {
						CreatedOnToolsVersion = 8.3.2;
						DevelopmentTeam = 83Z5ZTG53K;
						ProvisioningStyle = Automatic;
						TestTargetID = 2E6AC79D1EBF605600A13E3D;
					};
					2E6AC7C11EBF605600A13E3D = {
						CreatedOnToolsVersion = 8.3.2;
						DevelopmentTeam = 83Z5ZTG53K;
						ProvisioningStyle = Automatic;
						TestTargetID = 2E6AC79D1EBF605600A13E3D;
					};
				};
			};
			buildConfigurationList = 2E6AC7991EBF605600A13E3D /* Build configuration list for PBXProject "XWSequentialAnimation" */;
			compatibilityVersion = "Xcode 3.2";
			developmentRegion = English;
			hasScannedForEncodings = 0;
			knownRegions = (
				en,
				Base,
			);
			mainGroup = 2E6AC7951EBF605600A13E3D;
			productRefGroup = 2E6AC79F1EBF605600A13E3D /* Products */;
			projectDirPath = "";
			projectRoot = "";
			targets = (
				2E6AC79D1EBF605600A13E3D /* XWSequentialAnimation */,
				2E6AC7B61EBF605600A13E3D /* XWSequentialAnimationTests */,
				2E6AC7C11EBF605600A13E3D /* XWSequentialAnimationUITests */,
			);
		};
/* End PBXProject section */

/* Begin PBXResourcesBuildPhase section */
		2E6AC79C1EBF605600A13E3D /* Resources */ = {
			isa = PBXResourcesBuildPhase;
			buildActionMask = 2147483647;
			files = (
				2EF7A9161EC073F50059F336 /* dlw_yj01_024@2x.png in Resources */,
				2EF7A9291EC073F50059F336 /* dlw_yj01008@2x.png in Resources */,
				2EF7A93C1EC073F50059F336 /* dlw_yj01027@2x.png in Resources */,
				2EF7A9241EC073F50059F336 /* dlw_yj01003@2x.png in Resources */,
				2EF7A9181EC073F50059F336 /* dlw_yj01_026@2x.png in Resources */,
				2EF7A90A1EC073F50059F336 /* dlw_yj01_012@2x.png in Resources */,
				2E6AC7B11EBF605600A13E3D /* LaunchScreen.storyboard in Resources */,
				2EF7A91C1EC073F50059F336 /* dlw_yj01_030@2x.png in Resources */,
				2E6AC7AE1EBF605600A13E3D /* Assets.xcassets in Resources */,
				2EF7A90B1EC073F50059F336 /* dlw_yj01_013@2x.png in Resources */,
				2EF7A9261EC073F50059F336 /* dlw_yj01005@2x.png in Resources */,
				2E6AC8281EBF61A100A13E3D /* yj01_tb0110002@2x.png in Resources */,
				2EF7A90E1EC073F50059F336 /* dlw_yj01_016@2x.png in Resources */,
				2EF7A9151EC073F50059F336 /* dlw_yj01_023@2x.png in Resources */,
				2EF7A9411EC073F50059F336 /* dlw_yj01032@2x.png in Resources */,
				2EF7A9211EC073F50059F336 /* dlw_yj01001@2x.png in Resources */,
				2EF7A92A1EC073F50059F336 /* dlw_yj01009@2x.png in Resources */,
				2EF7A9351EC073F50059F336 /* dlw_yj01020@2x.png in Resources */,
				2EF7A9431EC073F50059F336 /* dlw_yj01034@2x.png in Resources */,
				2EF7A9021EC073F50059F336 /* dlw_yj01_004@2x.png in Resources */,
				2EF7A90F1EC073F50059F336 /* dlw_yj01_017@2x.png in Resources */,
				2EF7A93D1EC073F50059F336 /* dlw_yj01028@2x.png in Resources */,
				2EF7A9271EC073F50059F336 /* dlw_yj01006@2x.png in Resources */,
				2EF7A9221EC073F50059F336 /* dlw_yj01002.png in Resources */,
				2EF7A92E1EC073F50059F336 /* dlw_yj01013@2x.png in Resources */,
				2EF7A92F1EC073F50059F336 /* dlw_yj01014@2x.png in Resources */,
				2EF7A93E1EC073F50059F336 /* dlw_yj01029@2x.png in Resources */,
				2E6AC82D1EBF61A100A13E3D /* yj01_tb0110007@2x.png in Resources */,
				2E6AC82B1EBF61A100A13E3D /* yj01_tb0110005@2x.png in Resources */,
				2EF7A9001EC073F50059F336 /* dlw_yj01_002@2x.png in Resources */,
				2EF7A9141EC073F50059F336 /* dlw_yj01_022@2x.png in Resources */,
				2EF7A90C1EC073F50059F336 /* dlw_yj01_014@2x.png in Resources */,
				2EF7A92D1EC073F50059F336 /* dlw_yj01012@2x.png in Resources */,
				2EF7A9281EC073F50059F336 /* dlw_yj01007@2x.png in Resources */,
				2E6AC8301EBF61A100A13E3D /* yj01_tb0110010@2x.png in Resources */,
				2EF7A8FF1EC073F50059F336 /* dlw_yj01_001@2x.png in Resources */,
				2EF7A9361EC073F50059F336 /* dlw_yj01021@2x.png in Resources */,
				2EF7A9191EC073F50059F336 /* dlw_yj01_027@2x.png in Resources */,
				2EF7A9341EC073F50059F336 /* dlw_yj01019@2x.png in Resources */,
				2E6AC82A1EBF61A100A13E3D /* yj01_tb0110004@2x.png in Resources */,
				2EF7A9321EC073F50059F336 /* dlw_yj01017@2x.png in Resources */,
				2EF7A91E1EC073F50059F336 /* dlw_yj01_032@2x.png in Resources */,
				2EF7A9381EC073F50059F336 /* dlw_yj01023@2x.png in Resources */,
				2EF7A9331EC073F50059F336 /* dlw_yj01018@2x.png in Resources */,
				2EF7A9391EC073F50059F336 /* dlw_yj01024@2x.png in Resources */,
				2EF7A92B1EC073F50059F336 /* dlw_yj01010@2x.png in Resources */,
				2EF7A93B1EC073F50059F336 /* dlw_yj01026@2x.png in Resources */,
				2EF7A9041EC073F50059F336 /* dlw_yj01_006@2x.png in Resources */,
				2EF7A9091EC073F50059F336 /* dlw_yj01_011@2x.png in Resources */,
				2E6AC8291EBF61A100A13E3D /* yj01_tb0110003@2x.png in Resources */,
				2EF7A9071EC073F50059F336 /* dlw_yj01_009@2x.png in Resources */,
				2EF7A91B1EC073F50059F336 /* dlw_yj01_029@2x.png in Resources */,
				2EF7A9171EC073F50059F336 /* dlw_yj01_025@2x.png in Resources */,
				2EF7A9111EC073F50059F336 /* dlw_yj01_019@2x.png in Resources */,
				2EF7A9101EC073F50059F336 /* dlw_yj01_018@2x.png in Resources */,
				2EF7A9251EC073F50059F336 /* dlw_yj01004@2x.png in Resources */,
				2EF7A91D1EC073F50059F336 /* dlw_yj01_031@2x.png in Resources */,
				2EF7A9401EC073F50059F336 /* dlw_yj01031@2x.png in Resources */,
				2EF7A9371EC073F50059F336 /* dlw_yj01022@2x.png in Resources */,
				2EF7A9051EC073F50059F336 /* dlw_yj01_007@2x.png in Resources */,
				2E6AC82C1EBF61A100A13E3D /* yj01_tb0110006@2x.png in Resources */,
				2EF7A9061EC073F50059F336 /* dlw_yj01_008@2x.png in Resources */,
				2EF7A9081EC073F50059F336 /* dlw_yj01_010@2x.png in Resources */,
				2EF7A9311EC073F50059F336 /* dlw_yj01016@2x.png in Resources */,
				2EF7A91F1EC073F50059F336 /* dlw_yj01_033@2x.png in Resources */,
				2EF7A9031EC073F50059F336 /* dlw_yj01_005@2x.png in Resources */,
				2EF7A9121EC073F50059F336 /* dlw_yj01_020@2x.png in Resources */,
				2EF7A92C1EC073F50059F336 /* dlw_yj01011@2x.png in Resources */,
				2EF7A9201EC073F50059F336 /* dlw_yj01_034@2x.png in Resources */,
				2EF7A9301EC073F50059F336 /* dlw_yj01015@2x.png in Resources */,
				2E6AC8271EBF61A100A13E3D /* yj01_tb0110001@2x.png in Resources */,
				2EF7A93F1EC073F50059F336 /* dlw_yj01030@2x.png in Resources */,
				2EF7A90D1EC073F50059F336 /* dlw_yj01_015@2x.png in Resources */,
				2EF7A9231EC073F50059F336 /* dlw_yj01002@2x.png in Resources */,
				2EF7A9011EC073F50059F336 /* dlw_yj01_003@2x.png in Resources */,
				2EF7A9131EC073F50059F336 /* dlw_yj01_021@2x.png in Resources */,
				2E6AC82F1EBF61A100A13E3D /* yj01_tb0110009@2x.png in Resources */,
				2EF7A93A1EC073F50059F336 /* dlw_yj01025@2x.png in Resources */,
				2EF7A9421EC073F50059F336 /* dlw_yj01033@2x.png in Resources */,
				2EF7A91A1EC073F50059F336 /* dlw_yj01_028@2x.png in Resources */,
				2E6AC7AC1EBF605600A13E3D /* Main.storyboard in Resources */,
				2E6AC82E1EBF61A100A13E3D /* yj01_tb0110008@2x.png in Resources */,
			);
			runOnlyForDeploymentPostprocessing = 0;
		};
		2E6AC7B51EBF605600A13E3D /* Resources */ = {
			isa = PBXResourcesBuildPhase;
			buildActionMask = 2147483647;
			files = (
			);
			runOnlyForDeploymentPostprocessing = 0;
		};
		2E6AC7C01EBF605600A13E3D /* Resources */ = {
			isa = PBXResourcesBuildPhase;
			buildActionMask = 2147483647;
			files = (
			);
			runOnlyForDeploymentPostprocessing = 0;
		};
/* End PBXResourcesBuildPhase section */

/* Begin PBXSourcesBuildPhase section */
		2E6AC79A1EBF605600A13E3D /* Sources */ = {
			isa = PBXSourcesBuildPhase;
			buildActionMask = 2147483647;
			files = (
				2E6AC7A91EBF605600A13E3D /* ViewController.m in Sources */,
				2E6AC7A61EBF605600A13E3D /* AppDelegate.m in Sources */,
				2E6AC8331EBF68BA00A13E3D /* XWSequentialImageView.m in Sources */,
				2E6AC7A31EBF605600A13E3D /* main.m in Sources */,
			);
			runOnlyForDeploymentPostprocessing = 0;
		};
		2E6AC7B31EBF605600A13E3D /* Sources */ = {
			isa = PBXSourcesBuildPhase;
			buildActionMask = 2147483647;
			files = (
				2E6AC7BC1EBF605600A13E3D /* XWSequentialAnimationTests.m in Sources */,
			);
			runOnlyForDeploymentPostprocessing = 0;
		};
		2E6AC7BE1EBF605600A13E3D /* Sources */ = {
			isa = PBXSourcesBuildPhase;
			buildActionMask = 2147483647;
			files = (
				2E6AC7C71EBF605600A13E3D /* XWSequentialAnimationUITests.m in Sources */,
			);
			runOnlyForDeploymentPostprocessing = 0;
		};
/* End PBXSourcesBuildPhase section */

/* Begin PBXTargetDependency section */
		2E6AC7B91EBF605600A13E3D /* PBXTargetDependency */ = {
			isa = PBXTargetDependency;
			target = 2E6AC79D1EBF605600A13E3D /* XWSequentialAnimation */;
			targetProxy = 2E6AC7B81EBF605600A13E3D /* PBXContainerItemProxy */;
		};
		2E6AC7C41EBF605600A13E3D /* PBXTargetDependency */ = {
			isa = PBXTargetDependency;
			target = 2E6AC79D1EBF605600A13E3D /* XWSequentialAnimation */;
			targetProxy = 2E6AC7C31EBF605600A13E3D /* PBXContainerItemProxy */;
		};
/* End PBXTargetDependency section */

/* Begin PBXVariantGroup section */
		2E6AC7AA1EBF605600A13E3D /* Main.storyboard */ = {
			isa = PBXVariantGroup;
			children = (
				2E6AC7AB1EBF605600A13E3D /* Base */,
			);
			name = Main.storyboard;
			sourceTree = "<group>";
		};
		2E6AC7AF1EBF605600A13E3D /* LaunchScreen.storyboard */ = {
			isa = PBXVariantGroup;
			children = (
				2E6AC7B01EBF605600A13E3D /* Base */,
			);
			name = LaunchScreen.storyboard;
			sourceTree = "<group>";
		};
/* End PBXVariantGroup section */

/* Begin XCBuildConfiguration section */
		2E6AC7C91EBF605600A13E3D /* Debug */ = {
			isa = XCBuildConfiguration;
			buildSettings = {
				ALWAYS_SEARCH_USER_PATHS = NO;
				CLANG_ANALYZER_NONNULL = YES;
				CLANG_ANALYZER_NUMBER_OBJECT_CONVERSION = YES_AGGRESSIVE;
				CLANG_CXX_LANGUAGE_STANDARD = "gnu++0x";
				CLANG_CXX_LIBRARY = "libc++";
				CLANG_ENABLE_MODULES = YES;
				CLANG_ENABLE_OBJC_ARC = YES;
				CLANG_WARN_BOOL_CONVERSION = YES;
				CLANG_WARN_CONSTANT_CONVERSION = YES;
				CLANG_WARN_DIRECT_OBJC_ISA_USAGE = YES_ERROR;
				CLANG_WARN_DOCUMENTATION_COMMENTS = YES;
				CLANG_WARN_EMPTY_BODY = YES;
				CLANG_WARN_ENUM_CONVERSION = YES;
				CLANG_WARN_INFINITE_RECURSION = YES;
				CLANG_WARN_INT_CONVERSION = YES;
				CLANG_WARN_OBJC_ROOT_CLASS = YES_ERROR;
				CLANG_WARN_SUSPICIOUS_MOVE = YES;
				CLANG_WARN_UNREACHABLE_CODE = YES;
				CLANG_WARN__DUPLICATE_METHOD_MATCH = YES;
				"CODE_SIGN_IDENTITY[sdk=iphoneos*]" = "iPhone Developer";
				COPY_PHASE_STRIP = NO;
				DEBUG_INFORMATION_FORMAT = dwarf;
				ENABLE_STRICT_OBJC_MSGSEND = YES;
				ENABLE_TESTABILITY = YES;
				GCC_C_LANGUAGE_STANDARD = gnu99;
				GCC_DYNAMIC_NO_PIC = NO;
				GCC_NO_COMMON_BLOCKS = YES;
				GCC_OPTIMIZATION_LEVEL = 0;
				GCC_PREPROCESSOR_DEFINITIONS = (
					"DEBUG=1",
					"$(inherited)",
				);
				GCC_WARN_64_TO_32_BIT_CONVERSION = YES;
				GCC_WARN_ABOUT_RETURN_TYPE = YES_ERROR;
				GCC_WARN_UNDECLARED_SELECTOR = YES;
				GCC_WARN_UNINITIALIZED_AUTOS = YES_AGGRESSIVE;
				GCC_WARN_UNUSED_FUNCTION = YES;
				GCC_WARN_UNUSED_VARIABLE = YES;
				IPHONEOS_DEPLOYMENT_TARGET = 10.3;
				MTL_ENABLE_DEBUG_INFO = YES;
				ONLY_ACTIVE_ARCH = YES;
				SDKROOT = iphoneos;
			};
			name = Debug;
		};
		2E6AC7CA1EBF605600A13E3D /* Release */ = {
			isa = XCBuildConfiguration;
			buildSettings = {
				ALWAYS_SEARCH_USER_PATHS = NO;
				CLANG_ANALYZER_NONNULL = YES;
				CLANG_ANALYZER_NUMBER_OBJECT_CONVERSION = YES_AGGRESSIVE;
				CLANG_CXX_LANGUAGE_STANDARD = "gnu++0x";
				CLANG_CXX_LIBRARY = "libc++";
				CLANG_ENABLE_MODULES = YES;
				CLANG_ENABLE_OBJC_ARC = YES;
				CLANG_WARN_BOOL_CONVERSION = YES;
				CLANG_WARN_CONSTANT_CONVERSION = YES;
				CLANG_WARN_DIRECT_OBJC_ISA_USAGE = YES_ERROR;
				CLANG_WARN_DOCUMENTATION_COMMENTS = YES;
				CLANG_WARN_EMPTY_BODY = YES;
				CLANG_WARN_ENUM_CONVERSION = YES;
				CLANG_WARN_INFINITE_RECURSION = YES;
				CLANG_WARN_INT_CONVERSION = YES;
				CLANG_WARN_OBJC_ROOT_CLASS = YES_ERROR;
				CLANG_WARN_SUSPICIOUS_MOVE = YES;
				CLANG_WARN_UNREACHABLE_CODE = YES;
				CLANG_WARN__DUPLICATE_METHOD_MATCH = YES;
				"CODE_SIGN_IDENTITY[sdk=iphoneos*]" = "iPhone Developer";
				COPY_PHASE_STRIP = NO;
				DEBUG_INFORMATION_FORMAT = "dwarf-with-dsym";
				ENABLE_NS_ASSERTIONS = NO;
				ENABLE_STRICT_OBJC_MSGSEND = YES;
				GCC_C_LANGUAGE_STANDARD = gnu99;
				GCC_NO_COMMON_BLOCKS = YES;
				GCC_WARN_64_TO_32_BIT_CONVERSION = YES;
				GCC_WARN_ABOUT_RETURN_TYPE = YES_ERROR;
				GCC_WARN_UNDECLARED_SELECTOR = YES;
				GCC_WARN_UNINITIALIZED_AUTOS = YES_AGGRESSIVE;
				GCC_WARN_UNUSED_FUNCTION = YES;
				GCC_WARN_UNUSED_VARIABLE = YES;
				IPHONEOS_DEPLOYMENT_TARGET = 10.3;
				MTL_ENABLE_DEBUG_INFO = NO;
				SDKROOT = iphoneos;
				VALIDATE_PRODUCT = YES;
			};
			name = Release;
		};
		2E6AC7CC1EBF605600A13E3D /* Debug */ = {
			isa = XCBuildConfiguration;
			buildSettings = {
				ASSETCATALOG_COMPILER_APPICON_NAME = AppIcon;
				DEVELOPMENT_TEAM = 83Z5ZTG53K;
				INFOPLIST_FILE = XWSequentialAnimation/Info.plist;
				LD_RUNPATH_SEARCH_PATHS = "$(inherited) @executable_path/Frameworks";
				PRODUCT_BUNDLE_IDENTIFIER = com.qiuxuewei.XWSequentialAnimation;
				PRODUCT_NAME = "$(TARGET_NAME)";
			};
			name = Debug;
		};
		2E6AC7CD1EBF605600A13E3D /* Release */ = {
			isa = XCBuildConfiguration;
			buildSettings = {
				ASSETCATALOG_COMPILER_APPICON_NAME = AppIcon;
				DEVELOPMENT_TEAM = 83Z5ZTG53K;
				INFOPLIST_FILE = XWSequentialAnimation/Info.plist;
				LD_RUNPATH_SEARCH_PATHS = "$(inherited) @executable_path/Frameworks";
				PRODUCT_BUNDLE_IDENTIFIER = com.qiuxuewei.XWSequentialAnimation;
				PRODUCT_NAME = "$(TARGET_NAME)";
			};
			name = Release;
		};
		2E6AC7CF1EBF605600A13E3D /* Debug */ = {
			isa = XCBuildConfiguration;
			buildSettings = {
				BUNDLE_LOADER = "$(TEST_HOST)";
				DEVELOPMENT_TEAM = 83Z5ZTG53K;
				INFOPLIST_FILE = XWSequentialAnimationTests/Info.plist;
				LD_RUNPATH_SEARCH_PATHS = "$(inherited) @executable_path/Frameworks @loader_path/Frameworks";
				PRODUCT_BUNDLE_IDENTIFIER = com.qiuxuewei.XWSequentialAnimationTests;
				PRODUCT_NAME = "$(TARGET_NAME)";
				TEST_HOST = "$(BUILT_PRODUCTS_DIR)/XWSequentialAnimation.app/XWSequentialAnimation";
			};
			name = Debug;
		};
		2E6AC7D01EBF605600A13E3D /* Release */ = {
			isa = XCBuildConfiguration;
			buildSettings = {
				BUNDLE_LOADER = "$(TEST_HOST)";
				DEVELOPMENT_TEAM = 83Z5ZTG53K;
				INFOPLIST_FILE = XWSequentialAnimationTests/Info.plist;
				LD_RUNPATH_SEARCH_PATHS = "$(inherited) @executable_path/Frameworks @loader_path/Frameworks";
				PRODUCT_BUNDLE_IDENTIFIER = com.qiuxuewei.XWSequentialAnimationTests;
				PRODUCT_NAME = "$(TARGET_NAME)";
				TEST_HOST = "$(BUILT_PRODUCTS_DIR)/XWSequentialAnimation.app/XWSequentialAnimation";
			};
			name = Release;
		};
		2E6AC7D21EBF605600A13E3D /* Debug */ = {
			isa = XCBuildConfiguration;
			buildSettings = {
				DEVELOPMENT_TEAM = 83Z5ZTG53K;
				INFOPLIST_FILE = XWSequentialAnimationUITests/Info.plist;
				LD_RUNPATH_SEARCH_PATHS = "$(inherited) @executable_path/Frameworks @loader_path/Frameworks";
				PRODUCT_BUNDLE_IDENTIFIER = com.qiuxuewei.XWSequentialAnimationUITests;
				PRODUCT_NAME = "$(TARGET_NAME)";
				TEST_TARGET_NAME = XWSequentialAnimation;
			};
			name = Debug;
		};
		2E6AC7D31EBF605600A13E3D /* Release */ = {
			isa = XCBuildConfiguration;
			buildSettings = {
				DEVELOPMENT_TEAM = 83Z5ZTG53K;
				INFOPLIST_FILE = XWSequentialAnimationUITests/Info.plist;
				LD_RUNPATH_SEARCH_PATHS = "$(inherited) @executable_path/Frameworks @loader_path/Frameworks";
				PRODUCT_BUNDLE_IDENTIFIER = com.qiuxuewei.XWSequentialAnimationUITests;
				PRODUCT_NAME = "$(TARGET_NAME)";
				TEST_TARGET_NAME = XWSequentialAnimation;
			};
			name = Release;
		};
/* End XCBuildConfiguration section */

/* Begin XCConfigurationList section */
		2E6AC7991EBF605600A13E3D /* Build configuration list for PBXProject "XWSequentialAnimation" */ = {
			isa = XCConfigurationList;
			buildConfigurations = (
				2E6AC7C91EBF605600A13E3D /* Debug */,
				2E6AC7CA1EBF605600A13E3D /* Release */,
			);
			defaultConfigurationIsVisible = 0;
			defaultConfigurationName = Release;
		};
		2E6AC7CB1EBF605600A13E3D /* Build configuration list for PBXNativeTarget "XWSequentialAnimation" */ = {
			isa = XCConfigurationList;
			buildConfigurations = (
				2E6AC7CC1EBF605600A13E3D /* Debug */,
				2E6AC7CD1EBF605600A13E3D /* Release */,
			);
			defaultConfigurationIsVisible = 0;
			defaultConfigurationName = Release;
		};
		2E6AC7CE1EBF605600A13E3D /* Build configuration list for PBXNativeTarget "XWSequentialAnimationTests" */ = {
			isa = XCConfigurationList;
			buildConfigurations = (
				2E6AC7CF1EBF605600A13E3D /* Debug */,
				2E6AC7D01EBF605600A13E3D /* Release */,
			);
			defaultConfigurationIsVisible = 0;
			defaultConfigurationName = Release;
		};
		2E6AC7D11EBF605600A13E3D /* Build configuration list for PBXNativeTarget "XWSequentialAnimationUITests" */ = {
			isa = XCConfigurationList;
			buildConfigurations = (
				2E6AC7D21EBF605600A13E3D /* Debug */,
				2E6AC7D31EBF605600A13E3D /* Release */,
			);
			defaultConfigurationIsVisible = 0;
			defaultConfigurationName = Release;
		};
/* End XCConfigurationList section */
	};
	rootObject = 2E6AC7961EBF605600A13E3D /* Project object */;
}
